// !$*UTF8*$!
{
	archiveVersion = 1;
	classes = {
	};
	objectVersion = 50;
	objects = {

/* Begin PBXBuildFile section */
		7D3C0F862591891D00B9BD2A /* calenderView.swift in Sources */ = {isa = PBXBuildFile; fileRef = 7D3C0F852591891D00B9BD2A /* calenderView.swift */; };
		7DE6F32425929379003CBEB8 /* MatrixSelection.swift in Sources */ = {isa = PBXBuildFile; fileRef = 7DE6F32325929379003CBEB8 /* MatrixSelection.swift */; };
		7DE6F32C2592A551003CBEB8 /* FileIcon..icns in Resources */ = {isa = PBXBuildFile; fileRef = 7DE6F32B2592A550003CBEB8 /* FileIcon..icns */; };
		7DE94CF125917F0500FB35C4 /* AppDelegate.swift in Sources */ = {isa = PBXBuildFile; fileRef = 7DE94CF025917F0500FB35C4 /* AppDelegate.swift */; };
		7DE94CF325917F0500FB35C4 /* SceneDelegate.swift in Sources */ = {isa = PBXBuildFile; fileRef = 7DE94CF225917F0500FB35C4 /* SceneDelegate.swift */; };
		7DE94CF525917F0500FB35C4 /* ViewController.swift in Sources */ = {isa = PBXBuildFile; fileRef = 7DE94CF425917F0500FB35C4 /* ViewController.swift */; };
		7DE94CF825917F0500FB35C4 /* Main.storyboard in Resources */ = {isa = PBXBuildFile; fileRef = 7DE94CF625917F0500FB35C4 /* Main.storyboard */; };
		7DE94CFA25917F0700FB35C4 /* Assets.xcassets in Resources */ = {isa = PBXBuildFile; fileRef = 7DE94CF925917F0700FB35C4 /* Assets.xcassets */; };
		7DE94CFD25917F0700FB35C4 /* LaunchScreen.storyboard in Resources */ = {isa = PBXBuildFile; fileRef = 7DE94CFB25917F0700FB35C4 /* LaunchScreen.storyboard */; };
		7DE94D0825917F0700FB35C4 /* DoneTrackerTests.swift in Sources */ = {isa = PBXBuildFile; fileRef = 7DE94D0725917F0700FB35C4 /* DoneTrackerTests.swift */; };
		7DE94D1325917F0700FB35C4 /* DoneTrackerUITests.swift in Sources */ = {isa = PBXBuildFile; fileRef = 7DE94D1225917F0700FB35C4 /* DoneTrackerUITests.swift */; };
		7DE94D3925917F3000FB35C4 /* StringSub2.swift in Sources */ = {isa = PBXBuildFile; fileRef = 7DE94D2525917F3000FB35C4 /* StringSub2.swift */; };
		7DE94D3A25917F3000FB35C4 /* ImageSelection.swift in Sources */ = {isa = PBXBuildFile; fileRef = 7DE94D2625917F3000FB35C4 /* ImageSelection.swift */; };
		7DE94D3B25917F3000FB35C4 /* DateInput.swift in Sources */ = {isa = PBXBuildFile; fileRef = 7DE94D2725917F3000FB35C4 /* DateInput.swift */; };
		7DE94D3C25917F3000FB35C4 /* DoubleSub.swift in Sources */ = {isa = PBXBuildFile; fileRef = 7DE94D2825917F3000FB35C4 /* DoubleSub.swift */; };
		7DE94D3D25917F3000FB35C4 /* IntInput.swift in Sources */ = {isa = PBXBuildFile; fileRef = 7DE94D2925917F3000FB35C4 /* IntInput.swift */; };
		7DE94D3E25917F3000FB35C4 /* BoolInput.swift in Sources */ = {isa = PBXBuildFile; fileRef = 7DE94D2A25917F3000FB35C4 /* BoolInput.swift */; };
		7DE94D3F25917F3000FB35C4 /* StringInput.swift in Sources */ = {isa = PBXBuildFile; fileRef = 7DE94D2B25917F3000FB35C4 /* StringInput.swift */; };
		7DE94D4025917F3000FB35C4 /* StringSub1.swift in Sources */ = {isa = PBXBuildFile; fileRef = 7DE94D2C25917F3000FB35C4 /* StringSub1.swift */; };
		7DE94D4125917F3000FB35C4 /* StringTitle.swift in Sources */ = {isa = PBXBuildFile; fileRef = 7DE94D2D25917F3000FB35C4 /* StringTitle.swift */; };
		7DE94D4225917F3000FB35C4 /* SingleSelection.swift in Sources */ = {isa = PBXBuildFile; fileRef = 7DE94D2E25917F3000FB35C4 /* SingleSelection.swift */; };
		7DE94D4325917F3000FB35C4 /* IntSub.swift in Sources */ = {isa = PBXBuildFile; fileRef = 7DE94D2F25917F3000FB35C4 /* IntSub.swift */; };
		7DE94D4425917F3000FB35C4 /* DoubleInput.swift in Sources */ = {isa = PBXBuildFile; fileRef = 7DE94D3025917F3000FB35C4 /* DoubleInput.swift */; };
		7DE94D4525917F3000FB35C4 /* ColorInput.swift in Sources */ = {isa = PBXBuildFile; fileRef = 7DE94D3125917F3000FB35C4 /* ColorInput.swift */; };
		7DE94D4625917F3000FB35C4 /* LongStringInput.swift in Sources */ = {isa = PBXBuildFile; fileRef = 7DE94D3225917F3000FB35C4 /* LongStringInput.swift */; };
		7DE94D4725917F3000FB35C4 /* CellTitleView.swift in Sources */ = {isa = PBXBuildFile; fileRef = 7DE94D3325917F3000FB35C4 /* CellTitleView.swift */; };
		7DE94D4825917F3000FB35C4 /* FormVC.xib in Resources */ = {isa = PBXBuildFile; fileRef = 7DE94D3425917F3000FB35C4 /* FormVC.xib */; };
		7DE94D4925917F3000FB35C4 /* FormVC.swift in Sources */ = {isa = PBXBuildFile; fileRef = 7DE94D3525917F3000FB35C4 /* FormVC.swift */; };
		7DE94D4A25917F3000FB35C4 /* FormProperties.swift in Sources */ = {isa = PBXBuildFile; fileRef = 7DE94D3625917F3000FB35C4 /* FormProperties.swift */; };
		7DE94D4B25917F3000FB35C4 /* extensions.swift in Sources */ = {isa = PBXBuildFile; fileRef = 7DE94D3725917F3000FB35C4 /* extensions.swift */; };
		7DE94D4C25917F3000FB35C4 /* FormView.swift in Sources */ = {isa = PBXBuildFile; fileRef = 7DE94D3825917F3000FB35C4 /* FormView.swift */; };
		7DE94D522591803700FB35C4 /* Back Up.swift in Sources */ = {isa = PBXBuildFile; fileRef = 7DE94D502591803700FB35C4 /* Back Up.swift */; };
		7DE94D532591803700FB35C4 /* Settings Classes.swift in Sources */ = {isa = PBXBuildFile; fileRef = 7DE94D512591803700FB35C4 /* Settings Classes.swift */; };
		7DE94D5C259180EA00FB35C4 /* Calender.swift in Sources */ = {isa = PBXBuildFile; fileRef = 7DE94D5B259180EA00FB35C4 /* Calender.swift */; };
		7DE94D65259181F200FB35C4 /* List.swift in Sources */ = {isa = PBXBuildFile; fileRef = 7DE94D64259181F200FB35C4 /* List.swift */; };
/* End PBXBuildFile section */

/* Begin PBXContainerItemProxy section */
		7DE94D0425917F0700FB35C4 /* PBXContainerItemProxy */ = {
			isa = PBXContainerItemProxy;
			containerPortal = 7DE94CE525917F0500FB35C4 /* Project object */;
			proxyType = 1;
			remoteGlobalIDString = 7DE94CEC25917F0500FB35C4;
			remoteInfo = DoneTracker;
		};
		7DE94D0F25917F0700FB35C4 /* PBXContainerItemProxy */ = {
			isa = PBXContainerItemProxy;
			containerPortal = 7DE94CE525917F0500FB35C4 /* Project object */;
			proxyType = 1;
			remoteGlobalIDString = 7DE94CEC25917F0500FB35C4;
			remoteInfo = DoneTracker;
		};
/* End PBXContainerItemProxy section */

/* Begin PBXFileReference section */
		7D3C0F852591891D00B9BD2A /* calenderView.swift */ = {isa = PBXFileReference; lastKnownFileType = sourcecode.swift; path = calenderView.swift; sourceTree = "<group>"; };
		7DE6F32325929379003CBEB8 /* MatrixSelection.swift */ = {isa = PBXFileReference; lastKnownFileType = sourcecode.swift; path = MatrixSelection.swift; sourceTree = "<group>"; };
		7DE6F32B2592A550003CBEB8 /* FileIcon..icns */ = {isa = PBXFileReference; lastKnownFileType = image.icns; path = FileIcon..icns; sourceTree = "<group>"; };
		7DE94CED25917F0500FB35C4 /* DoneTracker.app */ = {isa = PBXFileReference; explicitFileType = wrapper.application; includeInIndex = 0; path = DoneTracker.app; sourceTree = BUILT_PRODUCTS_DIR; };
		7DE94CF025917F0500FB35C4 /* AppDelegate.swift */ = {isa = PBXFileReference; lastKnownFileType = sourcecode.swift; path = AppDelegate.swift; sourceTree = "<group>"; };
		7DE94CF225917F0500FB35C4 /* SceneDelegate.swift */ = {isa = PBXFileReference; lastKnownFileType = sourcecode.swift; path = SceneDelegate.swift; sourceTree = "<group>"; };
		7DE94CF425917F0500FB35C4 /* ViewController.swift */ = {isa = PBXFileReference; lastKnownFileType = sourcecode.swift; path = ViewController.swift; sourceTree = "<group>"; };
		7DE94CF725917F0500FB35C4 /* Base */ = {isa = PBXFileReference; lastKnownFileType = file.storyboard; name = Base; path = Base.lproj/Main.storyboard; sourceTree = "<group>"; };
		7DE94CF925917F0700FB35C4 /* Assets.xcassets */ = {isa = PBXFileReference; lastKnownFileType = folder.assetcatalog; path = Assets.xcassets; sourceTree = "<group>"; };
		7DE94CFC25917F0700FB35C4 /* Base */ = {isa = PBXFileReference; lastKnownFileType = file.storyboard; name = Base; path = Base.lproj/LaunchScreen.storyboard; sourceTree = "<group>"; };
		7DE94CFE25917F0700FB35C4 /* Info.plist */ = {isa = PBXFileReference; lastKnownFileType = text.plist.xml; path = Info.plist; sourceTree = "<group>"; };
		7DE94D0325917F0700FB35C4 /* DoneTrackerTests.xctest */ = {isa = PBXFileReference; explicitFileType = wrapper.cfbundle; includeInIndex = 0; path = DoneTrackerTests.xctest; sourceTree = BUILT_PRODUCTS_DIR; };
		7DE94D0725917F0700FB35C4 /* DoneTrackerTests.swift */ = {isa = PBXFileReference; lastKnownFileType = sourcecode.swift; path = DoneTrackerTests.swift; sourceTree = "<group>"; };
		7DE94D0925917F0700FB35C4 /* Info.plist */ = {isa = PBXFileReference; lastKnownFileType = text.plist.xml; path = Info.plist; sourceTree = "<group>"; };
		7DE94D0E25917F0700FB35C4 /* DoneTrackerUITests.xctest */ = {isa = PBXFileReference; explicitFileType = wrapper.cfbundle; includeInIndex = 0; path = DoneTrackerUITests.xctest; sourceTree = BUILT_PRODUCTS_DIR; };
		7DE94D1225917F0700FB35C4 /* DoneTrackerUITests.swift */ = {isa = PBXFileReference; lastKnownFileType = sourcecode.swift; path = DoneTrackerUITests.swift; sourceTree = "<group>"; };
		7DE94D1425917F0700FB35C4 /* Info.plist */ = {isa = PBXFileReference; lastKnownFileType = text.plist.xml; path = Info.plist; sourceTree = "<group>"; };
		7DE94D2525917F3000FB35C4 /* StringSub2.swift */ = {isa = PBXFileReference; fileEncoding = 4; lastKnownFileType = sourcecode.swift; path = StringSub2.swift; sourceTree = "<group>"; };
		7DE94D2625917F3000FB35C4 /* ImageSelection.swift */ = {isa = PBXFileReference; fileEncoding = 4; lastKnownFileType = sourcecode.swift; path = ImageSelection.swift; sourceTree = "<group>"; };
		7DE94D2725917F3000FB35C4 /* DateInput.swift */ = {isa = PBXFileReference; fileEncoding = 4; lastKnownFileType = sourcecode.swift; path = DateInput.swift; sourceTree = "<group>"; };
		7DE94D2825917F3000FB35C4 /* DoubleSub.swift */ = {isa = PBXFileReference; fileEncoding = 4; lastKnownFileType = sourcecode.swift; path = DoubleSub.swift; sourceTree = "<group>"; };
		7DE94D2925917F3000FB35C4 /* IntInput.swift */ = {isa = PBXFileReference; fileEncoding = 4; lastKnownFileType = sourcecode.swift; path = IntInput.swift; sourceTree = "<group>"; };
		7DE94D2A25917F3000FB35C4 /* BoolInput.swift */ = {isa = PBXFileReference; fileEncoding = 4; lastKnownFileType = sourcecode.swift; path = BoolInput.swift; sourceTree = "<group>"; };
		7DE94D2B25917F3000FB35C4 /* StringInput.swift */ = {isa = PBXFileReference; fileEncoding = 4; lastKnownFileType = sourcecode.swift; path = StringInput.swift; sourceTree = "<group>"; };
		7DE94D2C25917F3000FB35C4 /* StringSub1.swift */ = {isa = PBXFileReference; fileEncoding = 4; lastKnownFileType = sourcecode.swift; path = StringSub1.swift; sourceTree = "<group>"; };
		7DE94D2D25917F3000FB35C4 /* StringTitle.swift */ = {isa = PBXFileReference; fileEncoding = 4; lastKnownFileType = sourcecode.swift; path = StringTitle.swift; sourceTree = "<group>"; };
		7DE94D2E25917F3000FB35C4 /* SingleSelection.swift */ = {isa = PBXFileReference; fileEncoding = 4; lastKnownFileType = sourcecode.swift; path = SingleSelection.swift; sourceTree = "<group>"; };
		7DE94D2F25917F3000FB35C4 /* IntSub.swift */ = {isa = PBXFileReference; fileEncoding = 4; lastKnownFileType = sourcecode.swift; path = IntSub.swift; sourceTree = "<group>"; };
		7DE94D3025917F3000FB35C4 /* DoubleInput.swift */ = {isa = PBXFileReference; fileEncoding = 4; lastKnownFileType = sourcecode.swift; path = DoubleInput.swift; sourceTree = "<group>"; };
		7DE94D3125917F3000FB35C4 /* ColorInput.swift */ = {isa = PBXFileReference; fileEncoding = 4; lastKnownFileType = sourcecode.swift; path = ColorInput.swift; sourceTree = "<group>"; };
		7DE94D3225917F3000FB35C4 /* LongStringInput.swift */ = {isa = PBXFileReference; fileEncoding = 4; lastKnownFileType = sourcecode.swift; path = LongStringInput.swift; sourceTree = "<group>"; };
		7DE94D3325917F3000FB35C4 /* CellTitleView.swift */ = {isa = PBXFileReference; fileEncoding = 4; lastKnownFileType = sourcecode.swift; path = CellTitleView.swift; sourceTree = "<group>"; };
		7DE94D3425917F3000FB35C4 /* FormVC.xib */ = {isa = PBXFileReference; fileEncoding = 4; lastKnownFileType = file.xib; path = FormVC.xib; sourceTree = "<group>"; };
		7DE94D3525917F3000FB35C4 /* FormVC.swift */ = {isa = PBXFileReference; fileEncoding = 4; lastKnownFileType = sourcecode.swift; path = FormVC.swift; sourceTree = "<group>"; };
		7DE94D3625917F3000FB35C4 /* FormProperties.swift */ = {isa = PBXFileReference; fileEncoding = 4; lastKnownFileType = sourcecode.swift; path = FormProperties.swift; sourceTree = "<group>"; };
		7DE94D3725917F3000FB35C4 /* extensions.swift */ = {isa = PBXFileReference; fileEncoding = 4; lastKnownFileType = sourcecode.swift; path = extensions.swift; sourceTree = "<group>"; };
		7DE94D3825917F3000FB35C4 /* FormView.swift */ = {isa = PBXFileReference; fileEncoding = 4; lastKnownFileType = sourcecode.swift; path = FormView.swift; sourceTree = "<group>"; };
		7DE94D502591803700FB35C4 /* Back Up.swift */ = {isa = PBXFileReference; fileEncoding = 4; lastKnownFileType = sourcecode.swift; path = "Back Up.swift"; sourceTree = "<group>"; };
		7DE94D512591803700FB35C4 /* Settings Classes.swift */ = {isa = PBXFileReference; fileEncoding = 4; lastKnownFileType = sourcecode.swift; path = "Settings Classes.swift"; sourceTree = "<group>"; };
		7DE94D572591805500FB35C4 /* DoneTracker.entitlements */ = {isa = PBXFileReference; lastKnownFileType = text.plist.entitlements; path = DoneTracker.entitlements; sourceTree = "<group>"; };
		7DE94D5B259180EA00FB35C4 /* Calender.swift */ = {isa = PBXFileReference; fileEncoding = 4; lastKnownFileType = sourcecode.swift; path = Calender.swift; sourceTree = "<group>"; };
		7DE94D64259181F200FB35C4 /* List.swift */ = {isa = PBXFileReference; lastKnownFileType = sourcecode.swift; path = List.swift; sourceTree = "<group>"; };
/* End PBXFileReference section */

/* Begin PBXFrameworksBuildPhase section */
		7DE94CEA25917F0500FB35C4 /* Frameworks */ = {
			isa = PBXFrameworksBuildPhase;
			buildActionMask = 2147483647;
			files = (
			);
			runOnlyForDeploymentPostprocessing = 0;
		};
		7DE94D0025917F0700FB35C4 /* Frameworks */ = {
			isa = PBXFrameworksBuildPhase;
			buildActionMask = 2147483647;
			files = (
			);
			runOnlyForDeploymentPostprocessing = 0;
		};
		7DE94D0B25917F0700FB35C4 /* Frameworks */ = {
			isa = PBXFrameworksBuildPhase;
			buildActionMask = 2147483647;
			files = (
			);
			runOnlyForDeploymentPostprocessing = 0;
		};
/* End PBXFrameworksBuildPhase section */

/* Begin PBXGroup section */
		7DE94CE425917F0500FB35C4 = {
			isa = PBXGroup;
			children = (
				7DE94CEF25917F0500FB35C4 /* DoneTracker */,
				7DE94D0625917F0700FB35C4 /* DoneTrackerTests */,
				7DE94D1125917F0700FB35C4 /* DoneTrackerUITests */,
				7DE94CEE25917F0500FB35C4 /* Products */,
			);
			sourceTree = "<group>";
		};
		7DE94CEE25917F0500FB35C4 /* Products */ = {
			isa = PBXGroup;
			children = (
				7DE94CED25917F0500FB35C4 /* DoneTracker.app */,
				7DE94D0325917F0700FB35C4 /* DoneTrackerTests.xctest */,
				7DE94D0E25917F0700FB35C4 /* DoneTrackerUITests.xctest */,
			);
			name = Products;
			sourceTree = "<group>";
		};
		7DE94CEF25917F0500FB35C4 /* DoneTracker */ = {
			isa = PBXGroup;
			children = (
				7DE6F32B2592A550003CBEB8 /* FileIcon..icns */,
				7DE94D572591805500FB35C4 /* DoneTracker.entitlements */,
				7DE94D2325917F3000FB35C4 /* FormView */,
				7DE94CF025917F0500FB35C4 /* AppDelegate.swift */,
				7DE94CF225917F0500FB35C4 /* SceneDelegate.swift */,
				7DE94CF425917F0500FB35C4 /* ViewController.swift */,
				7DE94CF625917F0500FB35C4 /* Main.storyboard */,
				7DE94CF925917F0700FB35C4 /* Assets.xcassets */,
				7DE94CFB25917F0700FB35C4 /* LaunchScreen.storyboard */,
				7DE94CFE25917F0700FB35C4 /* Info.plist */,
				7DE94D502591803700FB35C4 /* Back Up.swift */,
				7DE94D512591803700FB35C4 /* Settings Classes.swift */,
				7DE94D5B259180EA00FB35C4 /* Calender.swift */,
				7DE94D64259181F200FB35C4 /* List.swift */,
				7D3C0F852591891D00B9BD2A /* calenderView.swift */,
			);
			path = DoneTracker;
			sourceTree = "<group>";
		};
		7DE94D0625917F0700FB35C4 /* DoneTrackerTests */ = {
			isa = PBXGroup;
			children = (
				7DE94D0725917F0700FB35C4 /* DoneTrackerTests.swift */,
				7DE94D0925917F0700FB35C4 /* Info.plist */,
			);
			path = DoneTrackerTests;
			sourceTree = "<group>";
		};
		7DE94D1125917F0700FB35C4 /* DoneTrackerUITests */ = {
			isa = PBXGroup;
			children = (
				7DE94D1225917F0700FB35C4 /* DoneTrackerUITests.swift */,
				7DE94D1425917F0700FB35C4 /* Info.plist */,
			);
			path = DoneTrackerUITests;
			sourceTree = "<group>";
		};
		7DE94D2325917F3000FB35C4 /* FormView */ = {
			isa = PBXGroup;
			children = (
				7DE94D2425917F3000FB35C4 /* Cells */,
				7DE94D3425917F3000FB35C4 /* FormVC.xib */,
				7DE94D3525917F3000FB35C4 /* FormVC.swift */,
				7DE94D3625917F3000FB35C4 /* FormProperties.swift */,
				7DE94D3725917F3000FB35C4 /* extensions.swift */,
				7DE94D3825917F3000FB35C4 /* FormView.swift */,
			);
			path = FormView;
			sourceTree = "<group>";
		};
		7DE94D2425917F3000FB35C4 /* Cells */ = {
			isa = PBXGroup;
			children = (
				7DE94D2525917F3000FB35C4 /* StringSub2.swift */,
				7DE94D2625917F3000FB35C4 /* ImageSelection.swift */,
				7DE94D2725917F3000FB35C4 /* DateInput.swift */,
				7DE94D2825917F3000FB35C4 /* DoubleSub.swift */,
				7DE94D2925917F3000FB35C4 /* IntInput.swift */,
				7DE94D2A25917F3000FB35C4 /* BoolInput.swift */,
				7DE94D2B25917F3000FB35C4 /* StringInput.swift */,
				7DE94D2C25917F3000FB35C4 /* StringSub1.swift */,
				7DE94D2D25917F3000FB35C4 /* StringTitle.swift */,
				7DE94D2E25917F3000FB35C4 /* SingleSelection.swift */,
				7DE94D2F25917F3000FB35C4 /* IntSub.swift */,
				7DE94D3025917F3000FB35C4 /* DoubleInput.swift */,
				7DE94D3125917F3000FB35C4 /* ColorInput.swift */,
				7DE94D3225917F3000FB35C4 /* LongStringInput.swift */,
				7DE94D3325917F3000FB35C4 /* CellTitleView.swift */,
				7DE6F32325929379003CBEB8 /* MatrixSelection.swift */,
			);
			path = Cells;
			sourceTree = "<group>";
		};
/* End PBXGroup section */

/* Begin PBXNativeTarget section */
		7DE94CEC25917F0500FB35C4 /* DoneTracker */ = {
			isa = PBXNativeTarget;
			buildConfigurationList = 7DE94D1725917F0700FB35C4 /* Build configuration list for PBXNativeTarget "DoneTracker" */;
			buildPhases = (
				7DE94CE925917F0500FB35C4 /* Sources */,
				7DE94CEA25917F0500FB35C4 /* Frameworks */,
				7DE94CEB25917F0500FB35C4 /* Resources */,
			);
			buildRules = (
			);
			dependencies = (
			);
			name = DoneTracker;
			productName = DoneTracker;
			productReference = 7DE94CED25917F0500FB35C4 /* DoneTracker.app */;
			productType = "com.apple.product-type.application";
		};
		7DE94D0225917F0700FB35C4 /* DoneTrackerTests */ = {
			isa = PBXNativeTarget;
			buildConfigurationList = 7DE94D1A25917F0700FB35C4 /* Build configuration list for PBXNativeTarget "DoneTrackerTests" */;
			buildPhases = (
				7DE94CFF25917F0700FB35C4 /* Sources */,
				7DE94D0025917F0700FB35C4 /* Frameworks */,
				7DE94D0125917F0700FB35C4 /* Resources */,
			);
			buildRules = (
			);
			dependencies = (
				7DE94D0525917F0700FB35C4 /* PBXTargetDependency */,
			);
			name = DoneTrackerTests;
			productName = DoneTrackerTests;
			productReference = 7DE94D0325917F0700FB35C4 /* DoneTrackerTests.xctest */;
			productType = "com.apple.product-type.bundle.unit-test";
		};
		7DE94D0D25917F0700FB35C4 /* DoneTrackerUITests */ = {
			isa = PBXNativeTarget;
			buildConfigurationList = 7DE94D1D25917F0700FB35C4 /* Build configuration list for PBXNativeTarget "DoneTrackerUITests" */;
			buildPhases = (
				7DE94D0A25917F0700FB35C4 /* Sources */,
				7DE94D0B25917F0700FB35C4 /* Frameworks */,
				7DE94D0C25917F0700FB35C4 /* Resources */,
			);
			buildRules = (
			);
			dependencies = (
				7DE94D1025917F0700FB35C4 /* PBXTargetDependency */,
			);
			name = DoneTrackerUITests;
			productName = DoneTrackerUITests;
			productReference = 7DE94D0E25917F0700FB35C4 /* DoneTrackerUITests.xctest */;
			productType = "com.apple.product-type.bundle.ui-testing";
		};
/* End PBXNativeTarget section */

/* Begin PBXProject section */
		7DE94CE525917F0500FB35C4 /* Project object */ = {
			isa = PBXProject;
			attributes = {
				LastSwiftUpdateCheck = 1230;
				LastUpgradeCheck = 1230;
				TargetAttributes = {
					7DE94CEC25917F0500FB35C4 = {
						CreatedOnToolsVersion = 12.3;
					};
					7DE94D0225917F0700FB35C4 = {
						CreatedOnToolsVersion = 12.3;
						TestTargetID = 7DE94CEC25917F0500FB35C4;
					};
					7DE94D0D25917F0700FB35C4 = {
						CreatedOnToolsVersion = 12.3;
						TestTargetID = 7DE94CEC25917F0500FB35C4;
					};
				};
			};
			buildConfigurationList = 7DE94CE825917F0500FB35C4 /* Build configuration list for PBXProject "DoneTracker" */;
			compatibilityVersion = "Xcode 9.3";
			developmentRegion = en;
			hasScannedForEncodings = 0;
			knownRegions = (
				en,
				Base,
			);
			mainGroup = 7DE94CE425917F0500FB35C4;
			productRefGroup = 7DE94CEE25917F0500FB35C4 /* Products */;
			projectDirPath = "";
			projectRoot = "";
			targets = (
				7DE94CEC25917F0500FB35C4 /* DoneTracker */,
				7DE94D0225917F0700FB35C4 /* DoneTrackerTests */,
				7DE94D0D25917F0700FB35C4 /* DoneTrackerUITests */,
			);
		};
/* End PBXProject section */

/* Begin PBXResourcesBuildPhase section */
		7DE94CEB25917F0500FB35C4 /* Resources */ = {
			isa = PBXResourcesBuildPhase;
			buildActionMask = 2147483647;
			files = (
				7DE94D4825917F3000FB35C4 /* FormVC.xib in Resources */,
				7DE94CFD25917F0700FB35C4 /* LaunchScreen.storyboard in Resources */,
				7DE6F32C2592A551003CBEB8 /* FileIcon..icns in Resources */,
				7DE94CFA25917F0700FB35C4 /* Assets.xcassets in Resources */,
				7DE94CF825917F0500FB35C4 /* Main.storyboard in Resources */,
			);
			runOnlyForDeploymentPostprocessing = 0;
		};
		7DE94D0125917F0700FB35C4 /* Resources */ = {
			isa = PBXResourcesBuildPhase;
			buildActionMask = 2147483647;
			files = (
			);
			runOnlyForDeploymentPostprocessing = 0;
		};
		7DE94D0C25917F0700FB35C4 /* Resources */ = {
			isa = PBXResourcesBuildPhase;
			buildActionMask = 2147483647;
			files = (
			);
			runOnlyForDeploymentPostprocessing = 0;
		};
/* End PBXResourcesBuildPhase section */

/* Begin PBXSourcesBuildPhase section */
		7DE94CE925917F0500FB35C4 /* Sources */ = {
			isa = PBXSourcesBuildPhase;
			buildActionMask = 2147483647;
			files = (
				7DE94D3E25917F3000FB35C4 /* BoolInput.swift in Sources */,
				7DE94D4225917F3000FB35C4 /* SingleSelection.swift in Sources */,
				7DE94CF525917F0500FB35C4 /* ViewController.swift in Sources */,
				7DE94D4725917F3000FB35C4 /* CellTitleView.swift in Sources */,
				7DE94CF125917F0500FB35C4 /* AppDelegate.swift in Sources */,
				7DE94D3B25917F3000FB35C4 /* DateInput.swift in Sources */,
				7DE94D4425917F3000FB35C4 /* DoubleInput.swift in Sources */,
				7DE94D3C25917F3000FB35C4 /* DoubleSub.swift in Sources */,
				7DE94D4A25917F3000FB35C4 /* FormProperties.swift in Sources */,
				7DE94D4325917F3000FB35C4 /* IntSub.swift in Sources */,
				7DE94D4C25917F3000FB35C4 /* FormView.swift in Sources */,
				7DE94D3D25917F3000FB35C4 /* IntInput.swift in Sources */,
				7DE94D4625917F3000FB35C4 /* LongStringInput.swift in Sources */,
				7DE94D3925917F3000FB35C4 /* StringSub2.swift in Sources */,
				7DE94D4525917F3000FB35C4 /* ColorInput.swift in Sources */,
				7DE94D3A25917F3000FB35C4 /* ImageSelection.swift in Sources */,
				7DE94D532591803700FB35C4 /* Settings Classes.swift in Sources */,
				7D3C0F862591891D00B9BD2A /* calenderView.swift in Sources */,
				7DE94D65259181F200FB35C4 /* List.swift in Sources */,
				7DE94CF325917F0500FB35C4 /* SceneDelegate.swift in Sources */,
				7DE94D4925917F3000FB35C4 /* FormVC.swift in Sources */,
				7DE94D4B25917F3000FB35C4 /* extensions.swift in Sources */,
				7DE94D4125917F3000FB35C4 /* StringTitle.swift in Sources */,
				7DE6F32425929379003CBEB8 /* MatrixSelection.swift in Sources */,
				7DE94D4025917F3000FB35C4 /* StringSub1.swift in Sources */,
				7DE94D3F25917F3000FB35C4 /* StringInput.swift in Sources */,
				7DE94D522591803700FB35C4 /* Back Up.swift in Sources */,
				7DE94D5C259180EA00FB35C4 /* Calender.swift in Sources */,
			);
			runOnlyForDeploymentPostprocessing = 0;
		};
		7DE94CFF25917F0700FB35C4 /* Sources */ = {
			isa = PBXSourcesBuildPhase;
			buildActionMask = 2147483647;
			files = (
				7DE94D0825917F0700FB35C4 /* DoneTrackerTests.swift in Sources */,
			);
			runOnlyForDeploymentPostprocessing = 0;
		};
		7DE94D0A25917F0700FB35C4 /* Sources */ = {
			isa = PBXSourcesBuildPhase;
			buildActionMask = 2147483647;
			files = (
				7DE94D1325917F0700FB35C4 /* DoneTrackerUITests.swift in Sources */,
			);
			runOnlyForDeploymentPostprocessing = 0;
		};
/* End PBXSourcesBuildPhase section */

/* Begin PBXTargetDependency section */
		7DE94D0525917F0700FB35C4 /* PBXTargetDependency */ = {
			isa = PBXTargetDependency;
			target = 7DE94CEC25917F0500FB35C4 /* DoneTracker */;
			targetProxy = 7DE94D0425917F0700FB35C4 /* PBXContainerItemProxy */;
		};
		7DE94D1025917F0700FB35C4 /* PBXTargetDependency */ = {
			isa = PBXTargetDependency;
			target = 7DE94CEC25917F0500FB35C4 /* DoneTracker */;
			targetProxy = 7DE94D0F25917F0700FB35C4 /* PBXContainerItemProxy */;
		};
/* End PBXTargetDependency section */

/* Begin PBXVariantGroup section */
		7DE94CF625917F0500FB35C4 /* Main.storyboard */ = {
			isa = PBXVariantGroup;
			children = (
				7DE94CF725917F0500FB35C4 /* Base */,
			);
			name = Main.storyboard;
			sourceTree = "<group>";
		};
		7DE94CFB25917F0700FB35C4 /* LaunchScreen.storyboard */ = {
			isa = PBXVariantGroup;
			children = (
				7DE94CFC25917F0700FB35C4 /* Base */,
			);
			name = LaunchScreen.storyboard;
			sourceTree = "<group>";
		};
/* End PBXVariantGroup section */

/* Begin XCBuildConfiguration section */
		7DE94D1525917F0700FB35C4 /* Debug */ = {
			isa = XCBuildConfiguration;
			buildSettings = {
				ALWAYS_SEARCH_USER_PATHS = NO;
				CLANG_ANALYZER_NONNULL = YES;
				CLANG_ANALYZER_NUMBER_OBJECT_CONVERSION = YES_AGGRESSIVE;
				CLANG_CXX_LANGUAGE_STANDARD = "gnu++14";
				CLANG_CXX_LIBRARY = "libc++";
				CLANG_ENABLE_MODULES = YES;
				CLANG_ENABLE_OBJC_ARC = YES;
				CLANG_ENABLE_OBJC_WEAK = YES;
				CLANG_WARN_BLOCK_CAPTURE_AUTORELEASING = YES;
				CLANG_WARN_BOOL_CONVERSION = YES;
				CLANG_WARN_COMMA = YES;
				CLANG_WARN_CONSTANT_CONVERSION = YES;
				CLANG_WARN_DEPRECATED_OBJC_IMPLEMENTATIONS = YES;
				CLANG_WARN_DIRECT_OBJC_ISA_USAGE = YES_ERROR;
				CLANG_WARN_DOCUMENTATION_COMMENTS = YES;
				CLANG_WARN_EMPTY_BODY = YES;
				CLANG_WARN_ENUM_CONVERSION = YES;
				CLANG_WARN_INFINITE_RECURSION = YES;
				CLANG_WARN_INT_CONVERSION = YES;
				CLANG_WARN_NON_LITERAL_NULL_CONVERSION = YES;
				CLANG_WARN_OBJC_IMPLICIT_RETAIN_SELF = YES;
				CLANG_WARN_OBJC_LITERAL_CONVERSION = YES;
				CLANG_WARN_OBJC_ROOT_CLASS = YES_ERROR;
				CLANG_WARN_QUOTED_INCLUDE_IN_FRAMEWORK_HEADER = YES;
				CLANG_WARN_RANGE_LOOP_ANALYSIS = YES;
				CLANG_WARN_STRICT_PROTOTYPES = YES;
				CLANG_WARN_SUSPICIOUS_MOVE = YES;
				CLANG_WARN_UNGUARDED_AVAILABILITY = YES_AGGRESSIVE;
				CLANG_WARN_UNREACHABLE_CODE = YES;
				CLANG_WARN__DUPLICATE_METHOD_MATCH = YES;
				COPY_PHASE_STRIP = NO;
				DEBUG_INFORMATION_FORMAT = dwarf;
				ENABLE_STRICT_OBJC_MSGSEND = YES;
				ENABLE_TESTABILITY = YES;
				GCC_C_LANGUAGE_STANDARD = gnu11;
				GCC_DYNAMIC_NO_PIC = NO;
				GCC_NO_COMMON_BLOCKS = YES;
				GCC_OPTIMIZATION_LEVEL = 0;
				GCC_PREPROCESSOR_DEFINITIONS = (
					"DEBUG=1",
					"$(inherited)",
				);
				GCC_WARN_64_TO_32_BIT_CONVERSION = YES;
				GCC_WARN_ABOUT_RETURN_TYPE = YES_ERROR;
				GCC_WARN_UNDECLARED_SELECTOR = YES;
				GCC_WARN_UNINITIALIZED_AUTOS = YES_AGGRESSIVE;
				GCC_WARN_UNUSED_FUNCTION = YES;
				GCC_WARN_UNUSED_VARIABLE = YES;
				IPHONEOS_DEPLOYMENT_TARGET = 14.3;
				MTL_ENABLE_DEBUG_INFO = INCLUDE_SOURCE;
				MTL_FAST_MATH = YES;
				ONLY_ACTIVE_ARCH = YES;
				SDKROOT = iphoneos;
				SWIFT_ACTIVE_COMPILATION_CONDITIONS = DEBUG;
				SWIFT_OPTIMIZATION_LEVEL = "-Onone";
			};
			name = Debug;
		};
		7DE94D1625917F0700FB35C4 /* Release */ = {
			isa = XCBuildConfiguration;
			buildSettings = {
				ALWAYS_SEARCH_USER_PATHS = NO;
				CLANG_ANALYZER_NONNULL = YES;
				CLANG_ANALYZER_NUMBER_OBJECT_CONVERSION = YES_AGGRESSIVE;
				CLANG_CXX_LANGUAGE_STANDARD = "gnu++14";
				CLANG_CXX_LIBRARY = "libc++";
				CLANG_ENABLE_MODULES = YES;
				CLANG_ENABLE_OBJC_ARC = YES;
				CLANG_ENABLE_OBJC_WEAK = YES;
				CLANG_WARN_BLOCK_CAPTURE_AUTORELEASING = YES;
				CLANG_WARN_BOOL_CONVERSION = YES;
				CLANG_WARN_COMMA = YES;
				CLANG_WARN_CONSTANT_CONVERSION = YES;
				CLANG_WARN_DEPRECATED_OBJC_IMPLEMENTATIONS = YES;
				CLANG_WARN_DIRECT_OBJC_ISA_USAGE = YES_ERROR;
				CLANG_WARN_DOCUMENTATION_COMMENTS = YES;
				CLANG_WARN_EMPTY_BODY = YES;
				CLANG_WARN_ENUM_CONVERSION = YES;
				CLANG_WARN_INFINITE_RECURSION = YES;
				CLANG_WARN_INT_CONVERSION = YES;
				CLANG_WARN_NON_LITERAL_NULL_CONVERSION = YES;
				CLANG_WARN_OBJC_IMPLICIT_RETAIN_SELF = YES;
				CLANG_WARN_OBJC_LITERAL_CONVERSION = YES;
				CLANG_WARN_OBJC_ROOT_CLASS = YES_ERROR;
				CLANG_WARN_QUOTED_INCLUDE_IN_FRAMEWORK_HEADER = YES;
				CLANG_WARN_RANGE_LOOP_ANALYSIS = YES;
				CLANG_WARN_STRICT_PROTOTYPES = YES;
				CLANG_WARN_SUSPICIOUS_MOVE = YES;
				CLANG_WARN_UNGUARDED_AVAILABILITY = YES_AGGRESSIVE;
				CLANG_WARN_UNREACHABLE_CODE = YES;
				CLANG_WARN__DUPLICATE_METHOD_MATCH = YES;
				COPY_PHASE_STRIP = NO;
				DEBUG_INFORMATION_FORMAT = "dwarf-with-dsym";
				ENABLE_NS_ASSERTIONS = NO;
				ENABLE_STRICT_OBJC_MSGSEND = YES;
				GCC_C_LANGUAGE_STANDARD = gnu11;
				GCC_NO_COMMON_BLOCKS = YES;
				GCC_WARN_64_TO_32_BIT_CONVERSION = YES;
				GCC_WARN_ABOUT_RETURN_TYPE = YES_ERROR;
				GCC_WARN_UNDECLARED_SELECTOR = YES;
				GCC_WARN_UNINITIALIZED_AUTOS = YES_AGGRESSIVE;
				GCC_WARN_UNUSED_FUNCTION = YES;
				GCC_WARN_UNUSED_VARIABLE = YES;
				IPHONEOS_DEPLOYMENT_TARGET = 14.3;
				MTL_ENABLE_DEBUG_INFO = NO;
				MTL_FAST_MATH = YES;
				SDKROOT = iphoneos;
				SWIFT_COMPILATION_MODE = wholemodule;
				SWIFT_OPTIMIZATION_LEVEL = "-O";
				VALIDATE_PRODUCT = YES;
			};
			name = Release;
		};
		7DE94D1825917F0700FB35C4 /* Debug */ = {
			isa = XCBuildConfiguration;
			buildSettings = {
				ASSETCATALOG_COMPILER_APPICON_NAME = AppIcon;
				ASSETCATALOG_COMPILER_GLOBAL_ACCENT_COLOR_NAME = AccentColor;
				CODE_SIGN_ENTITLEMENTS = DoneTracker/DoneTracker.entitlements;
				CODE_SIGN_STYLE = Automatic;
				DEVELOPMENT_TEAM = 26VASZ3327;
				INFOPLIST_FILE = DoneTracker/Info.plist;
				LD_RUNPATH_SEARCH_PATHS = (
					"$(inherited)",
					"@executable_path/Frameworks",
				);
				PRODUCT_BUNDLE_IDENTIFIER = com.jacob.hanna.hanna.DoneTracker;
				PRODUCT_NAME = "$(TARGET_NAME)";
				SWIFT_VERSION = 5.0;
				TARGETED_DEVICE_FAMILY = "1,2";
			};
			name = Debug;
		};
		7DE94D1925917F0700FB35C4 /* Release */ = {
			isa = XCBuildConfiguration;
			buildSettings = {
				ASSETCATALOG_COMPILER_APPICON_NAME = AppIcon;
				ASSETCATALOG_COMPILER_GLOBAL_ACCENT_COLOR_NAME = AccentColor;
				CODE_SIGN_ENTITLEMENTS = DoneTracker/DoneTracker.entitlements;
				CODE_SIGN_STYLE = Automatic;
				DEVELOPMENT_TEAM = 26VASZ3327;
				INFOPLIST_FILE = DoneTracker/Info.plist;
				LD_RUNPATH_SEARCH_PATHS = (
					"$(inherited)",
					"@executable_path/Frameworks",
				);
				PRODUCT_BUNDLE_IDENTIFIER = com.jacob.hanna.hanna.DoneTracker;
				PRODUCT_NAME = "$(TARGET_NAME)";
				SWIFT_VERSION = 5.0;
				TARGETED_DEVICE_FAMILY = "1,2";
			};
			name = Release;
		};
		7DE94D1B25917F0700FB35C4 /* Debug */ = {
			isa = XCBuildConfiguration;
			buildSettings = {
				ALWAYS_EMBED_SWIFT_STANDARD_LIBRARIES = YES;
				BUNDLE_LOADER = "$(TEST_HOST)";
				CODE_SIGN_STYLE = Automatic;
				DEVELOPMENT_TEAM = 26VASZ3327;
				INFOPLIST_FILE = DoneTrackerTests/Info.plist;
				IPHONEOS_DEPLOYMENT_TARGET = 14.3;
				LD_RUNPATH_SEARCH_PATHS = (
					"$(inherited)",
					"@executable_path/Frameworks",
					"@loader_path/Frameworks",
				);
				PRODUCT_BUNDLE_IDENTIFIER = com.jacob.hanna.hanna.DoneTrackerTests;
				PRODUCT_NAME = "$(TARGET_NAME)";
				SWIFT_VERSION = 5.0;
				TARGETED_DEVICE_FAMILY = "1,2";
				TEST_HOST = "$(BUILT_PRODUCTS_DIR)/DoneTracker.app/DoneTracker";
			};
			name = Debug;
		};
		7DE94D1C25917F0700FB35C4 /* Release */ = {
			isa = XCBuildConfiguration;
			buildSettings = {
				ALWAYS_EMBED_SWIFT_STANDARD_LIBRARIES = YES;
				BUNDLE_LOADER = "$(TEST_HOST)";
				CODE_SIGN_STYLE = Automatic;
				DEVELOPMENT_TEAM = 26VASZ3327;
				INFOPLIST_FILE = DoneTrackerTests/Info.plist;
				IPHONEOS_DEPLOYMENT_TARGET = 14.3;
				LD_RUNPATH_SEARCH_PATHS = (
					"$(inherited)",
					"@executable_path/Frameworks",
					"@loader_path/Frameworks",
				);
				PRODUCT_BUNDLE_IDENTIFIER = com.jacob.hanna.hanna.DoneTrackerTests;
				PRODUCT_NAME = "$(TARGET_NAME)";
				SWIFT_VERSION = 5.0;
				TARGETED_DEVICE_FAMILY = "1,2";
				TEST_HOST = "$(BUILT_PRODUCTS_DIR)/DoneTracker.app/DoneTracker";
			};
			name = Release;
		};
		7DE94D1E25917F0700FB35C4 /* Debug */ = {
			isa = XCBuildConfiguration;
			buildSettings = {
				ALWAYS_EMBED_SWIFT_STANDARD_LIBRARIES = YES;
				CODE_SIGN_STYLE = Automatic;
				DEVELOPMENT_TEAM = 26VASZ3327;
				INFOPLIST_FILE = DoneTrackerUITests/Info.plist;
				LD_RUNPATH_SEARCH_PATHS = (
					"$(inherited)",
					"@executable_path/Frameworks",
					"@loader_path/Frameworks",
				);
				PRODUCT_BUNDLE_IDENTIFIER = com.jacob.hanna.hanna.DoneTrackerUITests;
				PRODUCT_NAME = "$(TARGET_NAME)";
				SWIFT_VERSION = 5.0;
				TARGETED_DEVICE_FAMILY = "1,2";
				TEST_TARGET_NAME = DoneTracker;
			};
			name = Debug;
		};
		7DE94D1F25917F0700FB35C4 /* Release */ = {
			isa = XCBuildConfiguration;
			buildSettings = {
				ALWAYS_EMBED_SWIFT_STANDARD_LIBRARIES = YES;
				CODE_SIGN_STYLE = Automatic;
				DEVELOPMENT_TEAM = 26VASZ3327;
				INFOPLIST_FILE = DoneTrackerUITests/Info.plist;
				LD_RUNPATH_SEARCH_PATHS = (
					"$(inherited)",
					"@executable_path/Frameworks",
					"@loader_path/Frameworks",
				);
				PRODUCT_BUNDLE_IDENTIFIER = com.jacob.hanna.hanna.DoneTrackerUITests;
				PRODUCT_NAME = "$(TARGET_NAME)";
				SWIFT_VERSION = 5.0;
				TARGETED_DEVICE_FAMILY = "1,2";
				TEST_TARGET_NAME = DoneTracker;
			};
			name = Release;
		};
/* End XCBuildConfiguration section */

/* Begin XCConfigurationList section */
		7DE94CE825917F0500FB35C4 /* Build configuration list for PBXProject "DoneTracker" */ = {
			isa = XCConfigurationList;
			buildConfigurations = (
				7DE94D1525917F0700FB35C4 /* Debug */,
				7DE94D1625917F0700FB35C4 /* Release */,
			);
			defaultConfigurationIsVisible = 0;
			defaultConfigurationName = Release;
		};
		7DE94D1725917F0700FB35C4 /* Build configuration list for PBXNativeTarget "DoneTracker" */ = {
			isa = XCConfigurationList;
			buildConfigurations = (
				7DE94D1825917F0700FB35C4 /* Debug */,
				7DE94D1925917F0700FB35C4 /* Release */,
			);
			defaultConfigurationIsVisible = 0;
			defaultConfigurationName = Release;
		};
		7DE94D1A25917F0700FB35C4 /* Build configuration list for PBXNativeTarget "DoneTrackerTests" */ = {
			isa = XCConfigurationList;
			buildConfigurations = (
				7DE94D1B25917F0700FB35C4 /* Debug */,
				7DE94D1C25917F0700FB35C4 /* Release */,
			);
			defaultConfigurationIsVisible = 0;
			defaultConfigurationName = Release;
		};
		7DE94D1D25917F0700FB35C4 /* Build configuration list for PBXNativeTarget "DoneTrackerUITests" */ = {
			isa = XCConfigurationList;
			buildConfigurations = (
				7DE94D1E25917F0700FB35C4 /* Debug */,
				7DE94D1F25917F0700FB35C4 /* Release */,
			);
			defaultConfigurationIsVisible = 0;
			defaultConfigurationName = Release;
		};
/* End XCConfigurationList section */
	};
	rootObject = 7DE94CE525917F0500FB35C4 /* Project object */;
}
